// !$*UTF8*$!
{
	archiveVersion = 1;
	classes = {
	};
	objectVersion = 46;
	objects = {

/* Begin PBXBuildFile section */
		7AFB608E1BE5900E00177B7E /* main.m in Sources */ = {isa = PBXBuildFile; fileRef = 7AFB608D1BE5900E00177B7E /* main.m */; };
		7AFB60911BE5900E00177B7E /* AppDelegate.m in Sources */ = {isa = PBXBuildFile; fileRef = 7AFB60901BE5900E00177B7E /* AppDelegate.m */; };
		7AFB60941BE5900E00177B7E /* RootViewController.m in Sources */ = {isa = PBXBuildFile; fileRef = 7AFB60931BE5900E00177B7E /* RootViewController.m */; };
		7AFB60971BE5900E00177B7E /* DataViewController.m in Sources */ = {isa = PBXBuildFile; fileRef = 7AFB60961BE5900E00177B7E /* DataViewController.m */; };
		7AFB609A1BE5900E00177B7E /* ModelController.m in Sources */ = {isa = PBXBuildFile; fileRef = 7AFB60991BE5900E00177B7E /* ModelController.m */; };
		7AFB609D1BE5900E00177B7E /* Main.storyboard in Resources */ = {isa = PBXBuildFile; fileRef = 7AFB609B1BE5900E00177B7E /* Main.storyboard */; };
		7AFB609F1BE5900E00177B7E /* Assets.xcassets in Resources */ = {isa = PBXBuildFile; fileRef = 7AFB609E1BE5900E00177B7E /* Assets.xcassets */; };
		7AFB60A21BE5900E00177B7E /* LaunchScreen.storyboard in Resources */ = {isa = PBXBuildFile; fileRef = 7AFB60A01BE5900E00177B7E /* LaunchScreen.storyboard */; };
		7AFB60AD1BE5900E00177B7E /* UWSportyTests.m in Sources */ = {isa = PBXBuildFile; fileRef = 7AFB60AC1BE5900E00177B7E /* UWSportyTests.m */; };
		7AFB60B81BE5900E00177B7E /* UWSportyUITests.m in Sources */ = {isa = PBXBuildFile; fileRef = 7AFB60B71BE5900E00177B7E /* UWSportyUITests.m */; };
/* End PBXBuildFile section */

/* Begin PBXContainerItemProxy section */
		7AFB60A91BE5900E00177B7E /* PBXContainerItemProxy */ = {
			isa = PBXContainerItemProxy;
			containerPortal = 7AFB60811BE5900E00177B7E /* Project object */;
			proxyType = 1;
			remoteGlobalIDString = 7AFB60881BE5900E00177B7E;
			remoteInfo = UWSporty;
		};
		7AFB60B41BE5900E00177B7E /* PBXContainerItemProxy */ = {
			isa = PBXContainerItemProxy;
			containerPortal = 7AFB60811BE5900E00177B7E /* Project object */;
			proxyType = 1;
			remoteGlobalIDString = 7AFB60881BE5900E00177B7E;
			remoteInfo = UWSporty;
		};
/* End PBXContainerItemProxy section */

/* Begin PBXFileReference section */
		7AFB60891BE5900E00177B7E /* UWSporty.app */ = {isa = PBXFileReference; explicitFileType = wrapper.application; includeInIndex = 0; path = UWSporty.app; sourceTree = BUILT_PRODUCTS_DIR; };
		7AFB608D1BE5900E00177B7E /* main.m */ = {isa = PBXFileReference; lastKnownFileType = sourcecode.c.objc; path = main.m; sourceTree = "<group>"; };
		7AFB608F1BE5900E00177B7E /* AppDelegate.h */ = {isa = PBXFileReference; lastKnownFileType = sourcecode.c.h; path = AppDelegate.h; sourceTree = "<group>"; };
		7AFB60901BE5900E00177B7E /* AppDelegate.m */ = {isa = PBXFileReference; lastKnownFileType = sourcecode.c.objc; path = AppDelegate.m; sourceTree = "<group>"; };
		7AFB60921BE5900E00177B7E /* RootViewController.h */ = {isa = PBXFileReference; lastKnownFileType = sourcecode.c.h; path = RootViewController.h; sourceTree = "<group>"; };
		7AFB60931BE5900E00177B7E /* RootViewController.m */ = {isa = PBXFileReference; lastKnownFileType = sourcecode.c.objc; path = RootViewController.m; sourceTree = "<group>"; };
		7AFB60951BE5900E00177B7E /* DataViewController.h */ = {isa = PBXFileReference; lastKnownFileType = sourcecode.c.h; path = DataViewController.h; sourceTree = "<group>"; };
		7AFB60961BE5900E00177B7E /* DataViewController.m */ = {isa = PBXFileReference; lastKnownFileType = sourcecode.c.objc; path = DataViewController.m; sourceTree = "<group>"; };
		7AFB60981BE5900E00177B7E /* ModelController.h */ = {isa = PBXFileReference; lastKnownFileType = sourcecode.c.h; path = ModelController.h; sourceTree = "<group>"; };
		7AFB60991BE5900E00177B7E /* ModelController.m */ = {isa = PBXFileReference; lastKnownFileType = sourcecode.c.objc; path = ModelController.m; sourceTree = "<group>"; };
		7AFB609C1BE5900E00177B7E /* Base */ = {isa = PBXFileReference; lastKnownFileType = file.storyboard; name = Base; path = Base.lproj/Main.storyboard; sourceTree = "<group>"; };
		7AFB609E1BE5900E00177B7E /* Assets.xcassets */ = {isa = PBXFileReference; lastKnownFileType = folder.assetcatalog; path = Assets.xcassets; sourceTree = "<group>"; };
		7AFB60A11BE5900E00177B7E /* Base */ = {isa = PBXFileReference; lastKnownFileType = file.storyboard; name = Base; path = Base.lproj/LaunchScreen.storyboard; sourceTree = "<group>"; };
		7AFB60A31BE5900E00177B7E /* Info.plist */ = {isa = PBXFileReference; lastKnownFileType = text.plist.xml; path = Info.plist; sourceTree = "<group>"; };
		7AFB60A81BE5900E00177B7E /* UWSportyTests.xctest */ = {isa = PBXFileReference; explicitFileType = wrapper.cfbundle; includeInIndex = 0; path = UWSportyTests.xctest; sourceTree = BUILT_PRODUCTS_DIR; };
		7AFB60AC1BE5900E00177B7E /* UWSportyTests.m */ = {isa = PBXFileReference; lastKnownFileType = sourcecode.c.objc; path = UWSportyTests.m; sourceTree = "<group>"; };
		7AFB60AE1BE5900E00177B7E /* Info.plist */ = {isa = PBXFileReference; lastKnownFileType = text.plist.xml; path = Info.plist; sourceTree = "<group>"; };
		7AFB60B31BE5900E00177B7E /* UWSportyUITests.xctest */ = {isa = PBXFileReference; explicitFileType = wrapper.cfbundle; includeInIndex = 0; path = UWSportyUITests.xctest; sourceTree = BUILT_PRODUCTS_DIR; };
		7AFB60B71BE5900E00177B7E /* UWSportyUITests.m */ = {isa = PBXFileReference; lastKnownFileType = sourcecode.c.objc; path = UWSportyUITests.m; sourceTree = "<group>"; };
		7AFB60B91BE5900E00177B7E /* Info.plist */ = {isa = PBXFileReference; lastKnownFileType = text.plist.xml; path = Info.plist; sourceTree = "<group>"; };
/* End PBXFileReference section */

/* Begin PBXFrameworksBuildPhase section */
		7AFB60861BE5900E00177B7E /* Frameworks */ = {
			isa = PBXFrameworksBuildPhase;
			buildActionMask = 2147483647;
			files = (
			);
			runOnlyForDeploymentPostprocessing = 0;
		};
		7AFB60A51BE5900E00177B7E /* Frameworks */ = {
			isa = PBXFrameworksBuildPhase;
			buildActionMask = 2147483647;
			files = (
			);
			runOnlyForDeploymentPostprocessing = 0;
		};
		7AFB60B01BE5900E00177B7E /* Frameworks */ = {
			isa = PBXFrameworksBuildPhase;
			buildActionMask = 2147483647;
			files = (
			);
			runOnlyForDeploymentPostprocessing = 0;
		};
/* End PBXFrameworksBuildPhase section */

/* Begin PBXGroup section */
		7AFB60801BE5900E00177B7E = {
			isa = PBXGroup;
			children = (
				7AFB608B1BE5900E00177B7E /* UWSporty */,
				7AFB60AB1BE5900E00177B7E /* UWSportyTests */,
				7AFB60B61BE5900E00177B7E /* UWSportyUITests */,
				7AFB608A1BE5900E00177B7E /* Products */,
			);
			sourceTree = "<group>";
		};
		7AFB608A1BE5900E00177B7E /* Products */ = {
			isa = PBXGroup;
			children = (
				7AFB60891BE5900E00177B7E /* UWSporty.app */,
				7AFB60A81BE5900E00177B7E /* UWSportyTests.xctest */,
				7AFB60B31BE5900E00177B7E /* UWSportyUITests.xctest */,
			);
			name = Products;
			sourceTree = "<group>";
		};
		7AFB608B1BE5900E00177B7E /* UWSporty */ = {
			isa = PBXGroup;
			children = (
				7AFB608F1BE5900E00177B7E /* AppDelegate.h */,
				7AFB60901BE5900E00177B7E /* AppDelegate.m */,
				7AFB60921BE5900E00177B7E /* RootViewController.h */,
				7AFB60931BE5900E00177B7E /* RootViewController.m */,
				7AFB60951BE5900E00177B7E /* DataViewController.h */,
				7AFB60961BE5900E00177B7E /* DataViewController.m */,
				7AFB60981BE5900E00177B7E /* ModelController.h */,
				7AFB60991BE5900E00177B7E /* ModelController.m */,
				7AFB609B1BE5900E00177B7E /* Main.storyboard */,
				7AFB609E1BE5900E00177B7E /* Assets.xcassets */,
				7AFB60A01BE5900E00177B7E /* LaunchScreen.storyboard */,
				7AFB60A31BE5900E00177B7E /* Info.plist */,
				7AFB608C1BE5900E00177B7E /* Supporting Files */,
			);
			path = UWSporty;
			sourceTree = "<group>";
		};
		7AFB608C1BE5900E00177B7E /* Supporting Files */ = {
			isa = PBXGroup;
			children = (
				7AFB608D1BE5900E00177B7E /* main.m */,
			);
			name = "Supporting Files";
			sourceTree = "<group>";
		};
		7AFB60AB1BE5900E00177B7E /* UWSportyTests */ = {
			isa = PBXGroup;
			children = (
				7AFB60AC1BE5900E00177B7E /* UWSportyTests.m */,
				7AFB60AE1BE5900E00177B7E /* Info.plist */,
			);
			path = UWSportyTests;
			sourceTree = "<group>";
		};
		7AFB60B61BE5900E00177B7E /* UWSportyUITests */ = {
			isa = PBXGroup;
			children = (
				7AFB60B71BE5900E00177B7E /* UWSportyUITests.m */,
				7AFB60B91BE5900E00177B7E /* Info.plist */,
			);
			path = UWSportyUITests;
			sourceTree = "<group>";
		};
/* End PBXGroup section */

/* Begin PBXNativeTarget section */
		7AFB60881BE5900E00177B7E /* UWSporty */ = {
			isa = PBXNativeTarget;
			buildConfigurationList = 7AFB60BC1BE5900E00177B7E /* Build configuration list for PBXNativeTarget "UWSporty" */;
			buildPhases = (
				7AFB60851BE5900E00177B7E /* Sources */,
				7AFB60861BE5900E00177B7E /* Frameworks */,
				7AFB60871BE5900E00177B7E /* Resources */,
			);
			buildRules = (
			);
			dependencies = (
			);
			name = UWSporty;
			productName = UWSporty;
			productReference = 7AFB60891BE5900E00177B7E /* UWSporty.app */;
			productType = "com.apple.product-type.application";
		};
		7AFB60A71BE5900E00177B7E /* UWSportyTests */ = {
			isa = PBXNativeTarget;
			buildConfigurationList = 7AFB60BF1BE5900E00177B7E /* Build configuration list for PBXNativeTarget "UWSportyTests" */;
			buildPhases = (
				7AFB60A41BE5900E00177B7E /* Sources */,
				7AFB60A51BE5900E00177B7E /* Frameworks */,
				7AFB60A61BE5900E00177B7E /* Resources */,
			);
			buildRules = (
			);
			dependencies = (
				7AFB60AA1BE5900E00177B7E /* PBXTargetDependency */,
			);
			name = UWSportyTests;
			productName = UWSportyTests;
			productReference = 7AFB60A81BE5900E00177B7E /* UWSportyTests.xctest */;
			productType = "com.apple.product-type.bundle.unit-test";
		};
		7AFB60B21BE5900E00177B7E /* UWSportyUITests */ = {
			isa = PBXNativeTarget;
			buildConfigurationList = 7AFB60C21BE5900E00177B7E /* Build configuration list for PBXNativeTarget "UWSportyUITests" */;
			buildPhases = (
				7AFB60AF1BE5900E00177B7E /* Sources */,
				7AFB60B01BE5900E00177B7E /* Frameworks */,
				7AFB60B11BE5900E00177B7E /* Resources */,
			);
			buildRules = (
			);
			dependencies = (
				7AFB60B51BE5900E00177B7E /* PBXTargetDependency */,
			);
			name = UWSportyUITests;
			productName = UWSportyUITests;
			productReference = 7AFB60B31BE5900E00177B7E /* UWSportyUITests.xctest */;
			productType = "com.apple.product-type.bundle.ui-testing";
		};
/* End PBXNativeTarget section */

/* Begin PBXProject section */
		7AFB60811BE5900E00177B7E /* Project object */ = {
			isa = PBXProject;
			attributes = {
				LastUpgradeCheck = 0710;
				ORGANIZATIONNAME = "Lohit Talasila";
				TargetAttributes = {
					7AFB60881BE5900E00177B7E = {
						CreatedOnToolsVersion = 7.1;
					};
					7AFB60A71BE5900E00177B7E = {
						CreatedOnToolsVersion = 7.1;
						TestTargetID = 7AFB60881BE5900E00177B7E;
					};
					7AFB60B21BE5900E00177B7E = {
						CreatedOnToolsVersion = 7.1;
						TestTargetID = 7AFB60881BE5900E00177B7E;
					};
				};
			};
			buildConfigurationList = 7AFB60841BE5900E00177B7E /* Build configuration list for PBXProject "UWSporty" */;
			compatibilityVersion = "Xcode 3.2";
			developmentRegion = English;
			hasScannedForEncodings = 0;
			knownRegions = (
				en,
				Base,
			);
			mainGroup = 7AFB60801BE5900E00177B7E;
			productRefGroup = 7AFB608A1BE5900E00177B7E /* Products */;
			projectDirPath = "";
			projectRoot = "";
			targets = (
				7AFB60881BE5900E00177B7E /* UWSporty */,
				7AFB60A71BE5900E00177B7E /* UWSportyTests */,
				7AFB60B21BE5900E00177B7E /* UWSportyUITests */,
			);
		};
/* End PBXProject section */

/* Begin PBXResourcesBuildPhase section */
		7AFB60871BE5900E00177B7E /* Resources */ = {
			isa = PBXResourcesBuildPhase;
			buildActionMask = 2147483647;
			files = (
				7AFB60A21BE5900E00177B7E /* LaunchScreen.storyboard in Resources */,
				7AFB609F1BE5900E00177B7E /* Assets.xcassets in Resources */,
				7AFB609D1BE5900E00177B7E /* Main.storyboard in Resources */,
			);
			runOnlyForDeploymentPostprocessing = 0;
		};
		7AFB60A61BE5900E00177B7E /* Resources */ = {
			isa = PBXResourcesBuildPhase;
			buildActionMask = 2147483647;
			files = (
			);
			runOnlyForDeploymentPostprocessing = 0;
		};
		7AFB60B11BE5900E00177B7E /* Resources */ = {
			isa = PBXResourcesBuildPhase;
			buildActionMask = 2147483647;
			files = (
			);
			runOnlyForDeploymentPostprocessing = 0;
		};
/* End PBXResourcesBuildPhase section */

/* Begin PBXSourcesBuildPhase section */
		7AFB60851BE5900E00177B7E /* Sources */ = {
			isa = PBXSourcesBuildPhase;
			buildActionMask = 2147483647;
			files = (
				7AFB60971BE5900E00177B7E /* DataViewController.m in Sources */,
				7AFB60911BE5900E00177B7E /* AppDelegate.m in Sources */,
				7AFB609A1BE5900E00177B7E /* ModelController.m in Sources */,
				7AFB608E1BE5900E00177B7E /* main.m in Sources */,
				7AFB60941BE5900E00177B7E /* RootViewController.m in Sources */,
			);
			runOnlyForDeploymentPostprocessing = 0;
		};
		7AFB60A41BE5900E00177B7E /* Sources */ = {
			isa = PBXSourcesBuildPhase;
			buildActionMask = 2147483647;
			files = (
				7AFB60AD1BE5900E00177B7E /* UWSportyTests.m in Sources */,
			);
			runOnlyForDeploymentPostprocessing = 0;
		};
		7AFB60AF1BE5900E00177B7E /* Sources */ = {
			isa = PBXSourcesBuildPhase;
			buildActionMask = 2147483647;
			files = (
				7AFB60B81BE5900E00177B7E /* UWSportyUITests.m in Sources */,
			);
			runOnlyForDeploymentPostprocessing = 0;
		};
/* End PBXSourcesBuildPhase section */

/* Begin PBXTargetDependency section */
		7AFB60AA1BE5900E00177B7E /* PBXTargetDependency */ = {
			isa = PBXTargetDependency;
			target = 7AFB60881BE5900E00177B7E /* UWSporty */;
			targetProxy = 7AFB60A91BE5900E00177B7E /* PBXContainerItemProxy */;
		};
		7AFB60B51BE5900E00177B7E /* PBXTargetDependency */ = {
			isa = PBXTargetDependency;
			target = 7AFB60881BE5900E00177B7E /* UWSporty */;
			targetProxy = 7AFB60B41BE5900E00177B7E /* PBXContainerItemProxy */;
		};
/* End PBXTargetDependency section */

/* Begin PBXVariantGroup section */
		7AFB609B1BE5900E00177B7E /* Main.storyboard */ = {
			isa = PBXVariantGroup;
			children = (
				7AFB609C1BE5900E00177B7E /* Base */,
			);
			name = Main.storyboard;
			sourceTree = "<group>";
		};
		7AFB60A01BE5900E00177B7E /* LaunchScreen.storyboard */ = {
			isa = PBXVariantGroup;
			children = (
				7AFB60A11BE5900E00177B7E /* Base */,
			);
			name = LaunchScreen.storyboard;
			sourceTree = "<group>";
		};
/* End PBXVariantGroup section */

/* Begin XCBuildConfiguration section */
		7AFB60BA1BE5900E00177B7E /* Debug */ = {
			isa = XCBuildConfiguration;
			buildSettings = {
				ALWAYS_SEARCH_USER_PATHS = NO;
				CLANG_CXX_LANGUAGE_STANDARD = "gnu++0x";
				CLANG_CXX_LIBRARY = "libc++";
				CLANG_ENABLE_MODULES = YES;
				CLANG_ENABLE_OBJC_ARC = YES;
				CLANG_WARN_BOOL_CONVERSION = YES;
				CLANG_WARN_CONSTANT_CONVERSION = YES;
				CLANG_WARN_DIRECT_OBJC_ISA_USAGE = YES_ERROR;
				CLANG_WARN_EMPTY_BODY = YES;
				CLANG_WARN_ENUM_CONVERSION = YES;
				CLANG_WARN_INT_CONVERSION = YES;
				CLANG_WARN_OBJC_ROOT_CLASS = YES_ERROR;
				CLANG_WARN_UNREACHABLE_CODE = YES;
				CLANG_WARN__DUPLICATE_METHOD_MATCH = YES;
				"CODE_SIGN_IDENTITY[sdk=iphoneos*]" = "iPhone Developer";
				COPY_PHASE_STRIP = NO;
				DEBUG_INFORMATION_FORMAT = dwarf;
				ENABLE_STRICT_OBJC_MSGSEND = YES;
				ENABLE_TESTABILITY = YES;
				GCC_C_LANGUAGE_STANDARD = gnu99;
				GCC_DYNAMIC_NO_PIC = NO;
				GCC_NO_COMMON_BLOCKS = YES;
				GCC_OPTIMIZATION_LEVEL = 0;
				GCC_PREPROCESSOR_DEFINITIONS = (
					"DEBUG=1",
					"$(inherited)",
				);
				GCC_WARN_64_TO_32_BIT_CONVERSION = YES;
				GCC_WARN_ABOUT_RETURN_TYPE = YES_ERROR;
				GCC_WARN_UNDECLARED_SELECTOR = YES;
				GCC_WARN_UNINITIALIZED_AUTOS = YES_AGGRESSIVE;
				GCC_WARN_UNUSED_FUNCTION = YES;
				GCC_WARN_UNUSED_VARIABLE = YES;
				IPHONEOS_DEPLOYMENT_TARGET = 9.1;
				MTL_ENABLE_DEBUG_INFO = YES;
				ONLY_ACTIVE_ARCH = YES;
				SDKROOT = iphoneos;
			};
			name = Debug;
		};
		7AFB60BB1BE5900E00177B7E /* Release */ = {
			isa = XCBuildConfiguration;
			buildSettings = {
				ALWAYS_SEARCH_USER_PATHS = NO;
				CLANG_CXX_LANGUAGE_STANDARD = "gnu++0x";
				CLANG_CXX_LIBRARY = "libc++";
				CLANG_ENABLE_MODULES = YES;
				CLANG_ENABLE_OBJC_ARC = YES;
				CLANG_WARN_BOOL_CONVERSION = YES;
				CLANG_WARN_CONSTANT_CONVERSION = YES;
				CLANG_WARN_DIRECT_OBJC_ISA_USAGE = YES_ERROR;
				CLANG_WARN_EMPTY_BODY = YES;
				CLANG_WARN_ENUM_CONVERSION = YES;
				CLANG_WARN_INT_CONVERSION = YES;
				CLANG_WARN_OBJC_ROOT_CLASS = YES_ERROR;
				CLANG_WARN_UNREACHABLE_CODE = YES;
				CLANG_WARN__DUPLICATE_METHOD_MATCH = YES;
				"CODE_SIGN_IDENTITY[sdk=iphoneos*]" = "iPhone Developer";
				COPY_PHASE_STRIP = NO;
				DEBUG_INFORMATION_FORMAT = "dwarf-with-dsym";
				ENABLE_NS_ASSERTIONS = NO;
				ENABLE_STRICT_OBJC_MSGSEND = YES;
				GCC_C_LANGUAGE_STANDARD = gnu99;
				GCC_NO_COMMON_BLOCKS = YES;
				GCC_WARN_64_TO_32_BIT_CONVERSION = YES;
				GCC_WARN_ABOUT_RETURN_TYPE = YES_ERROR;
				GCC_WARN_UNDECLARED_SELECTOR = YES;
				GCC_WARN_UNINITIALIZED_AUTOS = YES_AGGRESSIVE;
				GCC_WARN_UNUSED_FUNCTION = YES;
				GCC_WARN_UNUSED_VARIABLE = YES;
				IPHONEOS_DEPLOYMENT_TARGET = 9.1;
				MTL_ENABLE_DEBUG_INFO = NO;
				SDKROOT = iphoneos;
				VALIDATE_PRODUCT = YES;
			};
			name = Release;
		};
		7AFB60BD1BE5900E00177B7E /* Debug */ = {
			isa = XCBuildConfiguration;
			buildSettings = {
				ASSETCATALOG_COMPILER_APPICON_NAME = AppIcon;
				INFOPLIST_FILE = UWSporty/Info.plist;
				LD_RUNPATH_SEARCH_PATHS = "$(inherited) @executable_path/Frameworks";
				PRODUCT_BUNDLE_IDENTIFIER = "com.hotmail-tlohit.UWSporty";
				PRODUCT_NAME = "$(TARGET_NAME)";
			};
			name = Debug;
		};
		7AFB60BE1BE5900E00177B7E /* Release */ = {
			isa = XCBuildConfiguration;
			buildSettings = {
				ASSETCATALOG_COMPILER_APPICON_NAME = AppIcon;
				INFOPLIST_FILE = UWSporty/Info.plist;
				LD_RUNPATH_SEARCH_PATHS = "$(inherited) @executable_path/Frameworks";
				PRODUCT_BUNDLE_IDENTIFIER = "com.hotmail-tlohit.UWSporty";
				PRODUCT_NAME = "$(TARGET_NAME)";
			};
			name = Release;
		};
		7AFB60C01BE5900E00177B7E /* Debug */ = {
			isa = XCBuildConfiguration;
			buildSettings = {
				BUNDLE_LOADER = "$(TEST_HOST)";
				INFOPLIST_FILE = UWSportyTests/Info.plist;
				LD_RUNPATH_SEARCH_PATHS = "$(inherited) @executable_path/Frameworks @loader_path/Frameworks";
				PRODUCT_BUNDLE_IDENTIFIER = "com.hotmail-tlohit.UWSportyTests";
				PRODUCT_NAME = "$(TARGET_NAME)";
				TEST_HOST = "$(BUILT_PRODUCTS_DIR)/UWSporty.app/UWSporty";
			};
			name = Debug;
		};
		7AFB60C11BE5900E00177B7E /* Release */ = {
			isa = XCBuildConfiguration;
			buildSettings = {
				BUNDLE_LOADER = "$(TEST_HOST)";
				INFOPLIST_FILE = UWSportyTests/Info.plist;
				LD_RUNPATH_SEARCH_PATHS = "$(inherited) @executable_path/Frameworks @loader_path/Frameworks";
				PRODUCT_BUNDLE_IDENTIFIER = "com.hotmail-tlohit.UWSportyTests";
				PRODUCT_NAME = "$(TARGET_NAME)";
				TEST_HOST = "$(BUILT_PRODUCTS_DIR)/UWSporty.app/UWSporty";
			};
			name = Release;
		};
		7AFB60C31BE5900E00177B7E /* Debug */ = {
			isa = XCBuildConfiguration;
			buildSettings = {
				INFOPLIST_FILE = UWSportyUITests/Info.plist;
				LD_RUNPATH_SEARCH_PATHS = "$(inherited) @executable_path/Frameworks @loader_path/Frameworks";
				PRODUCT_BUNDLE_IDENTIFIER = "com.hotmail-tlohit.UWSportyUITests";
				PRODUCT_NAME = "$(TARGET_NAME)";
				TEST_TARGET_NAME = UWSporty;
				USES_XCTRUNNER = YES;
			};
			name = Debug;
		};
		7AFB60C41BE5900E00177B7E /* Release */ = {
			isa = XCBuildConfiguration;
			buildSettings = {
				INFOPLIST_FILE = UWSportyUITests/Info.plist;
				LD_RUNPATH_SEARCH_PATHS = "$(inherited) @executable_path/Frameworks @loader_path/Frameworks";
				PRODUCT_BUNDLE_IDENTIFIER = "com.hotmail-tlohit.UWSportyUITests";
				PRODUCT_NAME = "$(TARGET_NAME)";
				TEST_TARGET_NAME = UWSporty;
				USES_XCTRUNNER = YES;
			};
			name = Release;
		};
/* End XCBuildConfiguration section */

/* Begin XCConfigurationList section */
		7AFB60841BE5900E00177B7E /* Build configuration list for PBXProject "UWSporty" */ = {
			isa = XCConfigurationList;
			buildConfigurations = (
				7AFB60BA1BE5900E00177B7E /* Debug */,
				7AFB60BB1BE5900E00177B7E /* Release */,
			);
			defaultConfigurationIsVisible = 0;
			defaultConfigurationName = Release;
		};
		7AFB60BC1BE5900E00177B7E /* Build configuration list for PBXNativeTarget "UWSporty" */ = {
			isa = XCConfigurationList;
			buildConfigurations = (
				7AFB60BD1BE5900E00177B7E /* Debug */,
				7AFB60BE1BE5900E00177B7E /* Release */,
			);
			defaultConfigurationIsVisible = 0;
		};
		7AFB60BF1BE5900E00177B7E /* Build configuration list for PBXNativeTarget "UWSportyTests" */ = {
			isa = XCConfigurationList;
			buildConfigurations = (
				7AFB60C01BE5900E00177B7E /* Debug */,
				7AFB60C11BE5900E00177B7E /* Release */,
			);
			defaultConfigurationIsVisible = 0;
		};
		7AFB60C21BE5900E00177B7E /* Build configuration list for PBXNativeTarget "UWSportyUITests" */ = {
			isa = XCConfigurationList;
			buildConfigurations = (
				7AFB60C31BE5900E00177B7E /* Debug */,
				7AFB60C41BE5900E00177B7E /* Release */,
			);
			defaultConfigurationIsVisible = 0;
		};
/* End XCConfigurationList section */
	};
	rootObject = 7AFB60811BE5900E00177B7E /* Project object */;
}
